
Microsoft Visual Studio Solution File, Format Version 12.00
# Visual Studio 15
Project("{2150E333-8FDC-42A3-9474-1A3956D46DE8}") = "ContactManager", "ContactManager", "{2990F3C3-BA7A-4EF2-B65B-32228C27E2F8}"
EndProject
Project("{2150E333-8FDC-42A3-9474-1A3956D46DE8}") = "DataStructures", "DataStructures", "{0281F409-3DF4-43AB-97D7-C842D94418C9}"
EndProject
Project("{FAE04EC0-301F-11D3-BF4B-00C04F79EFBC}") = "DataStructures", "DataStructures\DataStructures\DataStructures.csproj", "{EB50B120-F6DC-4E68-9EB3-C681E9CD63C8}"
EndProject
Project("{FAE04EC0-301F-11D3-BF4B-00C04F79EFBC}") = "DataStructuresTests", "DataStructures\DataStructuresTests\DataStructuresTests.csproj", "{D144D5FC-B399-4674-89DC-B365D892FA67}"
EndProject
Project("{2150E333-8FDC-42A3-9474-1A3956D46DE8}") = "ContactManager_Array", "ContactManager_Array", "{C9A2DC88-E1E4-4492-B0B9-312F02CA30CB}"
EndProject
Project("{2150E333-8FDC-42A3-9474-1A3956D46DE8}") = "ContactManager_SortedList", "ContactManager_SortedList", "{F7CF1001-0BE5-49F6-9483-7698C4AE6210}"
EndProject
Project("{2150E333-8FDC-42A3-9474-1A3956D46DE8}") = "ContactManager_BinaryTree", "ContactManager_BinaryTree", "{F90BEF66-1192-4AC1-BC30-6ADC9F07BEE1}"
EndProject
Project("{FAE04EC0-301F-11D3-BF4B-00C04F79EFBC}") = "ContactManager_Array", "ContactManager\ContactManager_Array\ContactManager_Array\ContactManager_Array.csproj", "{BFDFA9CA-19F5-4FD1-8552-1FFFB8D7956A}"
EndProject
Project("{FAE04EC0-301F-11D3-BF4B-00C04F79EFBC}") = "ContactManagerTests_Array", "ContactManager\ContactManager_Array\ContactManagerTests_Array\ContactManagerTests_Array.csproj", "{989CDCCC-5653-40A3-AF77-14B83F0CDDA3}"
EndProject
Project("{FAE04EC0-301F-11D3-BF4B-00C04F79EFBC}") = "ContactManager_BinaryTree", "ContactManager\ContactManager_BinaryTree\ContactManager_Tree\ContactManager_BinaryTree.csproj", "{4E53C7A1-99AC-4310-97D1-E8E3F0894B55}"
EndProject
Project("{FAE04EC0-301F-11D3-BF4B-00C04F79EFBC}") = "ContactManagerTests_BinaryTree", "ContactManager\ContactManager_BinaryTree\ContactManagerTests_Tree\ContactManagerTests_BinaryTree.csproj", "{2C85DAF1-95C9-4557-A4DE-6AC91E725C5B}"
EndProject
Project("{2150E333-8FDC-42A3-9474-1A3956D46DE8}") = "ContactManager_HashTable", "ContactManager_HashTable", "{FB32F54E-7BF3-493A-862B-DC84F77DE2EF}"
EndProject
Project("{FAE04EC0-301F-11D3-BF4B-00C04F79EFBC}") = "cm", "ContactManager\ContactManager_BinaryTree\cm\cm.csproj", "{AE4D4064-2BBF-43A7-91D4-072B85BB41A8}"
EndProject
Project("{2150E333-8FDC-42A3-9474-1A3956D46DE8}") = "ContactManager_StackQueue", "ContactManager_StackQueue", "{7F43AEE5-8B79-4E80-B357-5A3C8E3F3110}"
EndProject
Project("{FAE04EC0-301F-11D3-BF4B-00C04F79EFBC}") = "ContactManager_StackQueue", "ContactManager\ContactManager_StackQueue\ContactManager_StackQueue\ContactManager_StackQueue.csproj", "{7E225C36-97D7-4EE9-858B-C4C94EB846CA}"
EndProject
Project("{FAE04EC0-301F-11D3-BF4B-00C04F79EFBC}") = "cm", "ContactManager\ContactManager_Array\cm\cm.csproj", "{E551478A-1FD0-43E6-9E8E-04F5185E91A0}"
EndProject
Project("{FAE04EC0-301F-11D3-BF4B-00C04F79EFBC}") = "ContactManager_List", "ContactManager\ContactManager_SortedList\ContactManager_List\ContactManager_List.csproj", "{7D39B524-2232-41D5-9A86-D055C530FAAE}"
EndProject
Project("{FAE04EC0-301F-11D3-BF4B-00C04F79EFBC}") = "ContactManagerTests_List", "ContactManager\ContactManager_SortedList\ContactManagerTests_List\ContactManagerTests_List.csproj", "{83BE1B99-DBBE-4902-BE45-4D6E95BA1F9D}"
EndProject
Project("{FAE04EC0-301F-11D3-BF4B-00C04F79EFBC}") = "cm", "ContactManager\ContactManager_SortedList\cm\cm.csproj", "{9C82E9F6-0496-42EC-A078-0FF628AB5B1C}"
EndProject
Project("{FAE04EC0-301F-11D3-BF4B-00C04F79EFBC}") = "ContactManager_HashTable", "ContactManager\ContactManager_HashTable\ContactManager_HashTable\ContactManager_HashTable.csproj", "{A68D7DCD-324C-4F0A-A2D4-5485B83F06FD}"
EndProject
Project("{FAE04EC0-301F-11D3-BF4B-00C04F79EFBC}") = "ContactManagerTests_HashTable", "ContactManager\ContactManager_HashTable\ContactManagerTests_HashTable\ContactManagerTests_HashTable.csproj", "{FA911B59-2953-4164-A2A3-F0AA8430A7B8}"
EndProject
Project("{FAE04EC0-301F-11D3-BF4B-00C04F79EFBC}") = "cm", "ContactManager\ContactManager_HashTable\cm\cm.csproj", "{06147999-E529-4697-887D-3C07A27649C1}"
EndProject
Project("{FAE04EC0-301F-11D3-BF4B-00C04F79EFBC}") = "ContactManagerTests_StackQueue", "ContactManager\ContactManager_StackQueue\ContactManagerTests_StackQueue\ContactManagerTests_StackQueue.csproj", "{D0D8B515-E821-449C-A734-ACDE78064492}"
EndProject
Project("{FAE04EC0-301F-11D3-BF4B-00C04F79EFBC}") = "cm", "ContactManager\ContactManager_StackQueue\cm\cm.csproj", "{1A8F8CB5-4EB1-43C5-A987-6789612D8ED4}"
EndProject
Global
	GlobalSection(SolutionConfigurationPlatforms) = preSolution
		Debug|Any CPU = Debug|Any CPU
		Release|Any CPU = Release|Any CPU
	EndGlobalSection
	GlobalSection(ProjectConfigurationPlatforms) = postSolution
		{EB50B120-F6DC-4E68-9EB3-C681E9CD63C8}.Debug|Any CPU.ActiveCfg = Debug|Any CPU
		{EB50B120-F6DC-4E68-9EB3-C681E9CD63C8}.Debug|Any CPU.Build.0 = Debug|Any CPU
		{EB50B120-F6DC-4E68-9EB3-C681E9CD63C8}.Release|Any CPU.ActiveCfg = Release|Any CPU
		{EB50B120-F6DC-4E68-9EB3-C681E9CD63C8}.Release|Any CPU.Build.0 = Release|Any CPU
		{D144D5FC-B399-4674-89DC-B365D892FA67}.Debug|Any CPU.ActiveCfg = Debug|Any CPU
		{D144D5FC-B399-4674-89DC-B365D892FA67}.Debug|Any CPU.Build.0 = Debug|Any CPU
		{D144D5FC-B399-4674-89DC-B365D892FA67}.Release|Any CPU.ActiveCfg = Release|Any CPU
		{D144D5FC-B399-4674-89DC-B365D892FA67}.Release|Any CPU.Build.0 = Release|Any CPU
		{BFDFA9CA-19F5-4FD1-8552-1FFFB8D7956A}.Debug|Any CPU.ActiveCfg = Debug|Any CPU
		{BFDFA9CA-19F5-4FD1-8552-1FFFB8D7956A}.Debug|Any CPU.Build.0 = Debug|Any CPU
		{BFDFA9CA-19F5-4FD1-8552-1FFFB8D7956A}.Release|Any CPU.ActiveCfg = Release|Any CPU
		{BFDFA9CA-19F5-4FD1-8552-1FFFB8D7956A}.Release|Any CPU.Build.0 = Release|Any CPU
		{989CDCCC-5653-40A3-AF77-14B83F0CDDA3}.Debug|Any CPU.ActiveCfg = Debug|Any CPU
		{989CDCCC-5653-40A3-AF77-14B83F0CDDA3}.Debug|Any CPU.Build.0 = Debug|Any CPU
		{989CDCCC-5653-40A3-AF77-14B83F0CDDA3}.Release|Any CPU.ActiveCfg = Release|Any CPU
		{989CDCCC-5653-40A3-AF77-14B83F0CDDA3}.Release|Any CPU.Build.0 = Release|Any CPU
		{4E53C7A1-99AC-4310-97D1-E8E3F0894B55}.Debug|Any CPU.ActiveCfg = Debug|Any CPU
		{4E53C7A1-99AC-4310-97D1-E8E3F0894B55}.Debug|Any CPU.Build.0 = Debug|Any CPU
		{4E53C7A1-99AC-4310-97D1-E8E3F0894B55}.Release|Any CPU.ActiveCfg = Release|Any CPU
		{4E53C7A1-99AC-4310-97D1-E8E3F0894B55}.Release|Any CPU.Build.0 = Release|Any CPU
		{2C85DAF1-95C9-4557-A4DE-6AC91E725C5B}.Debug|Any CPU.ActiveCfg = Debug|Any CPU
		{2C85DAF1-95C9-4557-A4DE-6AC91E725C5B}.Debug|Any CPU.Build.0 = Debug|Any CPU
		{2C85DAF1-95C9-4557-A4DE-6AC91E725C5B}.Release|Any CPU.ActiveCfg = Release|Any CPU
		{2C85DAF1-95C9-4557-A4DE-6AC91E725C5B}.Release|Any CPU.Build.0 = Release|Any CPU
		{AE4D4064-2BBF-43A7-91D4-072B85BB41A8}.Debug|Any CPU.ActiveCfg = Debug|Any CPU
		{AE4D4064-2BBF-43A7-91D4-072B85BB41A8}.Debug|Any CPU.Build.0 = Debug|Any CPU
		{AE4D4064-2BBF-43A7-91D4-072B85BB41A8}.Release|Any CPU.ActiveCfg = Release|Any CPU
		{AE4D4064-2BBF-43A7-91D4-072B85BB41A8}.Release|Any CPU.Build.0 = Release|Any CPU
		{7E225C36-97D7-4EE9-858B-C4C94EB846CA}.Debug|Any CPU.ActiveCfg = Debug|Any CPU
		{7E225C36-97D7-4EE9-858B-C4C94EB846CA}.Debug|Any CPU.Build.0 = Debug|Any CPU
		{7E225C36-97D7-4EE9-858B-C4C94EB846CA}.Release|Any CPU.ActiveCfg = Release|Any CPU
		{7E225C36-97D7-4EE9-858B-C4C94EB846CA}.Release|Any CPU.Build.0 = Release|Any CPU
		{E551478A-1FD0-43E6-9E8E-04F5185E91A0}.Debug|Any CPU.ActiveCfg = Debug|Any CPU
		{E551478A-1FD0-43E6-9E8E-04F5185E91A0}.Debug|Any CPU.Build.0 = Debug|Any CPU
		{E551478A-1FD0-43E6-9E8E-04F5185E91A0}.Release|Any CPU.ActiveCfg = Release|Any CPU
		{E551478A-1FD0-43E6-9E8E-04F5185E91A0}.Release|Any CPU.Build.0 = Release|Any CPU
		{7D39B524-2232-41D5-9A86-D055C530FAAE}.Debug|Any CPU.ActiveCfg = Debug|Any CPU
		{7D39B524-2232-41D5-9A86-D055C530FAAE}.Debug|Any CPU.Build.0 = Debug|Any CPU
		{7D39B524-2232-41D5-9A86-D055C530FAAE}.Release|Any CPU.ActiveCfg = Release|Any CPU
		{7D39B524-2232-41D5-9A86-D055C530FAAE}.Release|Any CPU.Build.0 = Release|Any CPU
		{83BE1B99-DBBE-4902-BE45-4D6E95BA1F9D}.Debug|Any CPU.ActiveCfg = Debug|Any CPU
		{83BE1B99-DBBE-4902-BE45-4D6E95BA1F9D}.Debug|Any CPU.Build.0 = Debug|Any CPU
		{83BE1B99-DBBE-4902-BE45-4D6E95BA1F9D}.Release|Any CPU.ActiveCfg = Release|Any CPU
		{83BE1B99-DBBE-4902-BE45-4D6E95BA1F9D}.Release|Any CPU.Build.0 = Release|Any CPU
		{9C82E9F6-0496-42EC-A078-0FF628AB5B1C}.Debug|Any CPU.ActiveCfg = Debug|Any CPU
		{9C82E9F6-0496-42EC-A078-0FF628AB5B1C}.Debug|Any CPU.Build.0 = Debug|Any CPU
		{9C82E9F6-0496-42EC-A078-0FF628AB5B1C}.Release|Any CPU.ActiveCfg = Release|Any CPU
		{9C82E9F6-0496-42EC-A078-0FF628AB5B1C}.Release|Any CPU.Build.0 = Release|Any CPU
		{A68D7DCD-324C-4F0A-A2D4-5485B83F06FD}.Debug|Any CPU.ActiveCfg = Debug|Any CPU
		{A68D7DCD-324C-4F0A-A2D4-5485B83F06FD}.Debug|Any CPU.Build.0 = Debug|Any CPU
		{A68D7DCD-324C-4F0A-A2D4-5485B83F06FD}.Release|Any CPU.ActiveCfg = Release|Any CPU
		{A68D7DCD-324C-4F0A-A2D4-5485B83F06FD}.Release|Any CPU.Build.0 = Release|Any CPU
		{FA911B59-2953-4164-A2A3-F0AA8430A7B8}.Debug|Any CPU.ActiveCfg = Debug|Any CPU
		{FA911B59-2953-4164-A2A3-F0AA8430A7B8}.Debug|Any CPU.Build.0 = Debug|Any CPU
		{FA911B59-2953-4164-A2A3-F0AA8430A7B8}.Release|Any CPU.ActiveCfg = Release|Any CPU
		{FA911B59-2953-4164-A2A3-F0AA8430A7B8}.Release|Any CPU.Build.0 = Release|Any CPU
		{06147999-E529-4697-887D-3C07A27649C1}.Debug|Any CPU.ActiveCfg = Debug|Any CPU
		{06147999-E529-4697-887D-3C07A27649C1}.Debug|Any CPU.Build.0 = Debug|Any CPU
		{06147999-E529-4697-887D-3C07A27649C1}.Release|Any CPU.ActiveCfg = Release|Any CPU
		{06147999-E529-4697-887D-3C07A27649C1}.Release|Any CPU.Build.0 = Release|Any CPU
		{D0D8B515-E821-449C-A734-ACDE78064492}.Debug|Any CPU.ActiveCfg = Debug|Any CPU
		{D0D8B515-E821-449C-A734-ACDE78064492}.Debug|Any CPU.Build.0 = Debug|Any CPU
		{D0D8B515-E821-449C-A734-ACDE78064492}.Release|Any CPU.ActiveCfg = Release|Any CPU
		{D0D8B515-E821-449C-A734-ACDE78064492}.Release|Any CPU.Build.0 = Release|Any CPU
		{1A8F8CB5-4EB1-43C5-A987-6789612D8ED4}.Debug|Any CPU.ActiveCfg = Debug|Any CPU
		{1A8F8CB5-4EB1-43C5-A987-6789612D8ED4}.Debug|Any CPU.Build.0 = Debug|Any CPU
		{1A8F8CB5-4EB1-43C5-A987-6789612D8ED4}.Release|Any CPU.ActiveCfg = Release|Any CPU
		{1A8F8CB5-4EB1-43C5-A987-6789612D8ED4}.Release|Any CPU.Build.0 = Release|Any CPU
	EndGlobalSection
	GlobalSection(NestedProjects) = preSolution
		{EB50B120-F6DC-4E68-9EB3-C681E9CD63C8} = {0281F409-3DF4-43AB-97D7-C842D94418C9}
		{D144D5FC-B399-4674-89DC-B365D892FA67} = {0281F409-3DF4-43AB-97D7-C842D94418C9}
		{C9A2DC88-E1E4-4492-B0B9-312F02CA30CB} = {2990F3C3-BA7A-4EF2-B65B-32228C27E2F8}
		{F7CF1001-0BE5-49F6-9483-7698C4AE6210} = {2990F3C3-BA7A-4EF2-B65B-32228C27E2F8}
		{F90BEF66-1192-4AC1-BC30-6ADC9F07BEE1} = {2990F3C3-BA7A-4EF2-B65B-32228C27E2F8}
		{BFDFA9CA-19F5-4FD1-8552-1FFFB8D7956A} = {C9A2DC88-E1E4-4492-B0B9-312F02CA30CB}
		{989CDCCC-5653-40A3-AF77-14B83F0CDDA3} = {C9A2DC88-E1E4-4492-B0B9-312F02CA30CB}
		{4E53C7A1-99AC-4310-97D1-E8E3F0894B55} = {F90BEF66-1192-4AC1-BC30-6ADC9F07BEE1}
		{2C85DAF1-95C9-4557-A4DE-6AC91E725C5B} = {F90BEF66-1192-4AC1-BC30-6ADC9F07BEE1}
		{FB32F54E-7BF3-493A-862B-DC84F77DE2EF} = {2990F3C3-BA7A-4EF2-B65B-32228C27E2F8}
		{AE4D4064-2BBF-43A7-91D4-072B85BB41A8} = {F90BEF66-1192-4AC1-BC30-6ADC9F07BEE1}
		{7F43AEE5-8B79-4E80-B357-5A3C8E3F3110} = {2990F3C3-BA7A-4EF2-B65B-32228C27E2F8}
		{7E225C36-97D7-4EE9-858B-C4C94EB846CA} = {7F43AEE5-8B79-4E80-B357-5A3C8E3F3110}
		{E551478A-1FD0-43E6-9E8E-04F5185E91A0} = {C9A2DC88-E1E4-4492-B0B9-312F02CA30CB}
		{7D39B524-2232-41D5-9A86-D055C530FAAE} = {F7CF1001-0BE5-49F6-9483-7698C4AE6210}
		{83BE1B99-DBBE-4902-BE45-4D6E95BA1F9D} = {F7CF1001-0BE5-49F6-9483-7698C4AE6210}
		{9C82E9F6-0496-42EC-A078-0FF628AB5B1C} = {F7CF1001-0BE5-49F6-9483-7698C4AE6210}
		{A68D7DCD-324C-4F0A-A2D4-5485B83F06FD} = {FB32F54E-7BF3-493A-862B-DC84F77DE2EF}
		{FA911B59-2953-4164-A2A3-F0AA8430A7B8} = {FB32F54E-7BF3-493A-862B-DC84F77DE2EF}
		{06147999-E529-4697-887D-3C07A27649C1} = {FB32F54E-7BF3-493A-862B-DC84F77DE2EF}
		{D0D8B515-E821-449C-A734-ACDE78064492} = {7F43AEE5-8B79-4E80-B357-5A3C8E3F3110}
		{1A8F8CB5-4EB1-43C5-A987-6789612D8ED4} = {7F43AEE5-8B79-4E80-B357-5A3C8E3F3110}
	EndGlobalSection
EndGlobal
